
Microsoft Visual Studio Solution File, Format Version 12.00
Project("{FAE04EC0-301F-11D3-BF4B-00C04F79EFBC}") = "NOLoftFix", "NOLoftFix\NOLoftFix.csproj", "{3FE8477C-F18E-4818-AD9F-D85CBFEDE4E3}"
EndProject
Global
	GlobalSection(SolutionConfigurationPlatforms) = preSolution
		Debug|Any CPU = Debug|Any CPU
		Release|Any CPU = Release|Any CPU
	EndGlobalSection
	GlobalSection(ProjectConfigurationPlatforms) = postSolution
		{3FE8477C-F18E-4818-AD9F-D85CBFEDE4E3}.Debug|Any CPU.ActiveCfg = Debug|Any CPU
		{3FE8477C-F18E-4818-AD9F-D85CBFEDE4E3}.Debug|Any CPU.Build.0 = Debug|Any CPU
		{3FE8477C-F18E-4818-AD9F-D85CBFEDE4E3}.Release|Any CPU.ActiveCfg = Release|Any CPU
		{3FE8477C-F18E-4818-AD9F-D85CBFEDE4E3}.Release|Any CPU.Build.0 = Release|Any CPU
	EndGlobalSection
EndGlobal
